
Microsoft Visual Studio Solution File, Format Version 12.00
# Visual Studio Version 17
VisualStudioVersion = 17.10.34928.147
MinimumVisualStudioVersion = 10.0.40219.1
Project("{9A19103F-16F7-4668-BE54-9A1E7A4F7556}") = "DAL", "DAL\DAL.csproj", "{7B4C2E1C-B8B0-422E-B590-9FC0BC04342D}"
EndProject
Project("{9A19103F-16F7-4668-BE54-9A1E7A4F7556}") = "Entities", "Entities\Entities.csproj", "{FC07B215-4B52-4B70-8463-95EEDE44E59B}"
EndProject
Project("{9A19103F-16F7-4668-BE54-9A1E7A4F7556}") = "ConsoleAppTestDAL", "ConsoleAppTestDAL\ConsoleAppTestDAL.csproj", "{8FE8B8D6-63F8-45E2-9317-E6427B07F4A4}"
EndProject
Project("{9A19103F-16F7-4668-BE54-9A1E7A4F7556}") = "BLL", "BLL\BLL.csproj", "{209D356C-A90D-4CF2-8ABF-55D8652D52FB}"
EndProject
Project("{9A19103F-16F7-4668-BE54-9A1E7A4F7556}") = "SLC", "SLC\SLC.csproj", "{6E5ADD08-13D6-477C-AD35-4BA2E97F6AC2}"
EndProject
Project("{FAE04EC0-301F-11D3-BF4B-00C04F79EFBC}") = "Service", "Service\Service.csproj", "{458E159E-6040-4B8E-AFFD-3AD8B5F6621D}"
EndProject
Global
	GlobalSection(SolutionConfigurationPlatforms) = preSolution
		Debug|Any CPU = Debug|Any CPU
		Release|Any CPU = Release|Any CPU
	EndGlobalSection
	GlobalSection(ProjectConfigurationPlatforms) = postSolution
		{7B4C2E1C-B8B0-422E-B590-9FC0BC04342D}.Debug|Any CPU.ActiveCfg = Debug|Any CPU
		{7B4C2E1C-B8B0-422E-B590-9FC0BC04342D}.Debug|Any CPU.Build.0 = Debug|Any CPU
		{7B4C2E1C-B8B0-422E-B590-9FC0BC04342D}.Release|Any CPU.ActiveCfg = Release|Any CPU
		{7B4C2E1C-B8B0-422E-B590-9FC0BC04342D}.Release|Any CPU.Build.0 = Release|Any CPU
		{FC07B215-4B52-4B70-8463-95EEDE44E59B}.Debug|Any CPU.ActiveCfg = Debug|Any CPU
		{FC07B215-4B52-4B70-8463-95EEDE44E59B}.Debug|Any CPU.Build.0 = Debug|Any CPU
		{FC07B215-4B52-4B70-8463-95EEDE44E59B}.Release|Any CPU.ActiveCfg = Release|Any CPU
		{FC07B215-4B52-4B70-8463-95EEDE44E59B}.Release|Any CPU.Build.0 = Release|Any CPU
		{8FE8B8D6-63F8-45E2-9317-E6427B07F4A4}.Debug|Any CPU.ActiveCfg = Debug|Any CPU
		{8FE8B8D6-63F8-45E2-9317-E6427B07F4A4}.Debug|Any CPU.Build.0 = Debug|Any CPU
		{8FE8B8D6-63F8-45E2-9317-E6427B07F4A4}.Release|Any CPU.ActiveCfg = Release|Any CPU
		{8FE8B8D6-63F8-45E2-9317-E6427B07F4A4}.Release|Any CPU.Build.0 = Release|Any CPU
		{209D356C-A90D-4CF2-8ABF-55D8652D52FB}.Debug|Any CPU.ActiveCfg = Debug|Any CPU
		{209D356C-A90D-4CF2-8ABF-55D8652D52FB}.Debug|Any CPU.Build.0 = Debug|Any CPU
		{209D356C-A90D-4CF2-8ABF-55D8652D52FB}.Release|Any CPU.ActiveCfg = Release|Any CPU
		{209D356C-A90D-4CF2-8ABF-55D8652D52FB}.Release|Any CPU.Build.0 = Release|Any CPU
		{6E5ADD08-13D6-477C-AD35-4BA2E97F6AC2}.Debug|Any CPU.ActiveCfg = Debug|Any CPU
		{6E5ADD08-13D6-477C-AD35-4BA2E97F6AC2}.Debug|Any CPU.Build.0 = Debug|Any CPU
		{6E5ADD08-13D6-477C-AD35-4BA2E97F6AC2}.Release|Any CPU.ActiveCfg = Release|Any CPU
		{6E5ADD08-13D6-477C-AD35-4BA2E97F6AC2}.Release|Any CPU.Build.0 = Release|Any CPU
		{458E159E-6040-4B8E-AFFD-3AD8B5F6621D}.Debug|Any CPU.ActiveCfg = Debug|Any CPU
		{458E159E-6040-4B8E-AFFD-3AD8B5F6621D}.Debug|Any CPU.Build.0 = Debug|Any CPU
		{458E159E-6040-4B8E-AFFD-3AD8B5F6621D}.Release|Any CPU.ActiveCfg = Release|Any CPU
		{458E159E-6040-4B8E-AFFD-3AD8B5F6621D}.Release|Any CPU.Build.0 = Release|Any CPU
	EndGlobalSection
	GlobalSection(SolutionProperties) = preSolution
		HideSolutionNode = FALSE
	EndGlobalSection
	GlobalSection(ExtensibilityGlobals) = postSolution
		SolutionGuid = {F26C67D7-D1AE-4A40-B8AE-0BCFC36EA363}
	EndGlobalSection
EndGlobal
